
Microsoft Visual Studio Solution File, Format Version 12.00
# Visual Studio Version 17
VisualStudioVersion = 17.4.33205.214
MinimumVisualStudioVersion = 10.0.40219.1
Project("{FAE04EC0-301F-11D3-BF4B-00C04F79EFBC}") = "University", "University\University.csproj", "{DCDA5185-CD6C-4145-9B37-7C9BB4B20C8A}"
EndProject
Global
	GlobalSection(SolutionConfigurationPlatforms) = preSolution
		Debug|Any CPU = Debug|Any CPU
		Release|Any CPU = Release|Any CPU
	EndGlobalSection
	GlobalSection(ProjectConfigurationPlatforms) = postSolution
		{DCDA5185-CD6C-4145-9B37-7C9BB4B20C8A}.Debug|Any CPU.ActiveCfg = Debug|Any CPU
		{DCDA5185-CD6C-4145-9B37-7C9BB4B20C8A}.Debug|Any CPU.Build.0 = Debug|Any CPU
		{DCDA5185-CD6C-4145-9B37-7C9BB4B20C8A}.Release|Any CPU.ActiveCfg = Release|Any CPU
		{DCDA5185-CD6C-4145-9B37-7C9BB4B20C8A}.Release|Any CPU.Build.0 = Release|Any CPU
	EndGlobalSection
	GlobalSection(SolutionProperties) = preSolution
		HideSolutionNode = FALSE
	EndGlobalSection
	GlobalSection(ExtensibilityGlobals) = postSolution
		SolutionGuid = {8D1792C4-6551-4F65-A8B1-578BB88D09DF}
	EndGlobalSection
EndGlobal
